
Microsoft Visual Studio Solution File, Format Version 12.00
# Visual Studio Version 16
VisualStudioVersion = 16.0.30907.101
MinimumVisualStudioVersion = 10.0.40219.1
Project("{FAE04EC0-301F-11D3-BF4B-00C04F79EFBC}") = "vd1", "vd1\vd1.csproj", "{0F26DB9F-8498-4373-9796-46F7D1D46482}"
EndProject
Global
	GlobalSection(SolutionConfigurationPlatforms) = preSolution
		Debug|Any CPU = Debug|Any CPU
		Release|Any CPU = Release|Any CPU
	EndGlobalSection
	GlobalSection(ProjectConfigurationPlatforms) = postSolution
		{0F26DB9F-8498-4373-9796-46F7D1D46482}.Debug|Any CPU.ActiveCfg = Debug|Any CPU
		{0F26DB9F-8498-4373-9796-46F7D1D46482}.Debug|Any CPU.Build.0 = Debug|Any CPU
		{0F26DB9F-8498-4373-9796-46F7D1D46482}.Release|Any CPU.ActiveCfg = Release|Any CPU
		{0F26DB9F-8498-4373-9796-46F7D1D46482}.Release|Any CPU.Build.0 = Release|Any CPU
	EndGlobalSection
	GlobalSection(SolutionProperties) = preSolution
		HideSolutionNode = FALSE
	EndGlobalSection
	GlobalSection(ExtensibilityGlobals) = postSolution
		SolutionGuid = {1D325998-DB65-4CA6-A3C2-A28044753316}
	EndGlobalSection
EndGlobal
